// !$*UTF8*$!
{
	archiveVersion = 1;
	classes = {
	};
	objectVersion = 46;
	objects = {

/* Begin PBXBuildFile section */
		1F9AC75134A4B43CF4749056 /* libPods.a in Frameworks */ = {isa = PBXBuildFile; fileRef = 7CF34CCA0CEE5B75F2890547 /* libPods.a */; };
		B31252771BFC79EB0098B995 /* AppDelegate.swift in Sources */ = {isa = PBXBuildFile; fileRef = B31252761BFC79EB0098B995 /* AppDelegate.swift */; };
		B312527E1BFC79EB0098B995 /* Assets.xcassets in Resources */ = {isa = PBXBuildFile; fileRef = B312527D1BFC79EB0098B995 /* Assets.xcassets */; };
		B312528C1BFC79EB0098B995 /* LoveFreshBeenTests.swift in Sources */ = {isa = PBXBuildFile; fileRef = B312528B1BFC79EB0098B995 /* LoveFreshBeenTests.swift */; };
		B31252971BFC79EB0098B995 /* LoveFreshBeenUITests.swift in Sources */ = {isa = PBXBuildFile; fileRef = B31252961BFC79EB0098B995 /* LoveFreshBeenUITests.swift */; };
		B31252B01BFC7B3E0098B995 /* SupermarketViewController.swift in Sources */ = {isa = PBXBuildFile; fileRef = B31252AF1BFC7B3E0098B995 /* SupermarketViewController.swift */; };
		B31252B21BFC7B490098B995 /* ScheduleViewController.swift in Sources */ = {isa = PBXBuildFile; fileRef = B31252B11BFC7B490098B995 /* ScheduleViewController.swift */; };
		B31252B41BFC7B550098B995 /* ShopCartViewController.swift in Sources */ = {isa = PBXBuildFile; fileRef = B31252B31BFC7B550098B995 /* ShopCartViewController.swift */; };
		B31252B61BFC7B610098B995 /* MineViewController.swift in Sources */ = {isa = PBXBuildFile; fileRef = B31252B51BFC7B610098B995 /* MineViewController.swift */; };
		B31252B91BFC7B790098B995 /* BaseViewController.swift in Sources */ = {isa = PBXBuildFile; fileRef = B31252B71BFC7B790098B995 /* BaseViewController.swift */; };
		B31252BA1BFC7B790098B995 /* MainViewController.swift in Sources */ = {isa = PBXBuildFile; fileRef = B31252B81BFC7B790098B995 /* MainViewController.swift */; };
		B31252BC1BFC7B820098B995 /* Theme.swift in Sources */ = {isa = PBXBuildFile; fileRef = B31252BB1BFC7B820098B995 /* Theme.swift */; };
		B31252CB1BFC7BB00098B995 /* RAMBounceAnimation.swift in Sources */ = {isa = PBXBuildFile; fileRef = B31252C01BFC7BB00098B995 /* RAMBounceAnimation.swift */; };
		B31252CC1BFC7BB00098B995 /* RAMFrameItemAnimation.swift in Sources */ = {isa = PBXBuildFile; fileRef = B31252C21BFC7BB00098B995 /* RAMFrameItemAnimation.swift */; };
		B31252CD1BFC7BB00098B995 /* RAMFumeAnimation.swift in Sources */ = {isa = PBXBuildFile; fileRef = B31252C41BFC7BB00098B995 /* RAMFumeAnimation.swift */; };
		B31252CE1BFC7BB00098B995 /* RAMRotationAnimation.swift in Sources */ = {isa = PBXBuildFile; fileRef = B31252C61BFC7BB00098B995 /* RAMRotationAnimation.swift */; };
		B31252CF1BFC7BB00098B995 /* RAMTransitionItemAnimation.swift in Sources */ = {isa = PBXBuildFile; fileRef = B31252C81BFC7BB00098B995 /* RAMTransitionItemAnimation.swift */; };
		B31252D01BFC7BB00098B995 /* RAMAnimatedTabBarController.swift in Sources */ = {isa = PBXBuildFile; fileRef = B31252C91BFC7BB00098B995 /* RAMAnimatedTabBarController.swift */; };
		B31252D11BFC7BB00098B995 /* RAMItemAnimationProtocol.swift in Sources */ = {isa = PBXBuildFile; fileRef = B31252CA1BFC7BB00098B995 /* RAMItemAnimationProtocol.swift */; };
		B31252D31BFC7F940098B995 /* BaseNavigationController.swift in Sources */ = {isa = PBXBuildFile; fileRef = B31252D21BFC7F940098B995 /* BaseNavigationController.swift */; };
		B32235351C0445D5006EADE7 /* DiscountPriceView.swift in Sources */ = {isa = PBXBuildFile; fileRef = B32235341C0445D5006EADE7 /* DiscountPriceView.swift */; };
		B35C1D9F1BFD676D006260D0 /* Color+Extension.swift in Sources */ = {isa = PBXBuildFile; fileRef = B35C1D9E1BFD676D006260D0 /* Color+Extension.swift */; };
		B35C1DA11BFD6B06006260D0 /* UIView+Extension.swift in Sources */ = {isa = PBXBuildFile; fileRef = B35C1DA01BFD6B06006260D0 /* UIView+Extension.swift */; };
		B35C1DA51BFD8853006260D0 /* UIBarButtonItem+Extension.swift in Sources */ = {isa = PBXBuildFile; fileRef = B35C1DA41BFD8853006260D0 /* UIBarButtonItem+Extension.swift */; };
		B35C1DA91BFD89E7006260D0 /* UpImageDownTextButton.swift in Sources */ = {isa = PBXBuildFile; fileRef = B35C1DA81BFD89E7006260D0 /* UpImageDownTextButton.swift */; };
		B35C1DAB1BFD9BF0006260D0 /* MineHeadView.swift in Sources */ = {isa = PBXBuildFile; fileRef = B35C1DAA1BFD9BF0006260D0 /* MineHeadView.swift */; };
		B35C1DB51BFDB423006260D0 /* MineTabeHeadView.swift in Sources */ = {isa = PBXBuildFile; fileRef = B35C1DB41BFDB423006260D0 /* MineTabeHeadView.swift */; };
		B35C1DB71BFDCD8A006260D0 /* MineCell.swift in Sources */ = {isa = PBXBuildFile; fileRef = B35C1DB61BFDCD8A006260D0 /* MineCell.swift */; };
		B3A20CCE1C06C5E500E1EAF4 /* MKAnnotationView+WebCache.m in Sources */ = {isa = PBXBuildFile; fileRef = B3A20CAE1C06C5E500E1EAF4 /* MKAnnotationView+WebCache.m */; };
		B3A20CCF1C06C5E500E1EAF4 /* NSData+ImageContentType.m in Sources */ = {isa = PBXBuildFile; fileRef = B3A20CB01C06C5E500E1EAF4 /* NSData+ImageContentType.m */; };
		B3A20CD01C06C5E500E1EAF4 /* SDImageCache.m in Sources */ = {isa = PBXBuildFile; fileRef = B3A20CB21C06C5E500E1EAF4 /* SDImageCache.m */; };
		B3A20CD11C06C5E500E1EAF4 /* SDWebImageCompat.m in Sources */ = {isa = PBXBuildFile; fileRef = B3A20CB41C06C5E500E1EAF4 /* SDWebImageCompat.m */; };
		B3A20CD21C06C5E500E1EAF4 /* SDWebImageDecoder.m in Sources */ = {isa = PBXBuildFile; fileRef = B3A20CB61C06C5E500E1EAF4 /* SDWebImageDecoder.m */; };
		B3A20CD31C06C5E500E1EAF4 /* SDWebImageDownloader.m in Sources */ = {isa = PBXBuildFile; fileRef = B3A20CB81C06C5E500E1EAF4 /* SDWebImageDownloader.m */; };
		B3A20CD41C06C5E500E1EAF4 /* SDWebImageDownloaderOperation.m in Sources */ = {isa = PBXBuildFile; fileRef = B3A20CBA1C06C5E500E1EAF4 /* SDWebImageDownloaderOperation.m */; };
		B3A20CD51C06C5E500E1EAF4 /* SDWebImageManager.m in Sources */ = {isa = PBXBuildFile; fileRef = B3A20CBC1C06C5E500E1EAF4 /* SDWebImageManager.m */; };
		B3A20CD61C06C5E500E1EAF4 /* SDWebImagePrefetcher.m in Sources */ = {isa = PBXBuildFile; fileRef = B3A20CBF1C06C5E500E1EAF4 /* SDWebImagePrefetcher.m */; };
		B3A20CD71C06C5E500E1EAF4 /* UIButton+WebCache.m in Sources */ = {isa = PBXBuildFile; fileRef = B3A20CC11C06C5E500E1EAF4 /* UIButton+WebCache.m */; };
		B3A20CD81C06C5E500E1EAF4 /* UIImage+GIF.m in Sources */ = {isa = PBXBuildFile; fileRef = B3A20CC31C06C5E500E1EAF4 /* UIImage+GIF.m */; };
		B3A20CD91C06C5E500E1EAF4 /* UIImage+MultiFormat.m in Sources */ = {isa = PBXBuildFile; fileRef = B3A20CC51C06C5E500E1EAF4 /* UIImage+MultiFormat.m */; };
		B3A20CDA1C06C5E500E1EAF4 /* UIImage+WebP.m in Sources */ = {isa = PBXBuildFile; fileRef = B3A20CC71C06C5E500E1EAF4 /* UIImage+WebP.m */; };
		B3A20CDB1C06C5E500E1EAF4 /* UIImageView+HighlightedWebCache.m in Sources */ = {isa = PBXBuildFile; fileRef = B3A20CC91C06C5E500E1EAF4 /* UIImageView+HighlightedWebCache.m */; };
		B3A20CDC1C06C5E500E1EAF4 /* UIImageView+WebCache.m in Sources */ = {isa = PBXBuildFile; fileRef = B3A20CCB1C06C5E500E1EAF4 /* UIImageView+WebCache.m */; };
		B3A20CDD1C06C5E500E1EAF4 /* UIView+WebCacheOperation.m in Sources */ = {isa = PBXBuildFile; fileRef = B3A20CCD1C06C5E500E1EAF4 /* UIView+WebCacheOperation.m */; };
		B3A20CDF1C06D99600E1EAF4 /* supermarket in Resources */ = {isa = PBXBuildFile; fileRef = B3A20CDE1C06D99600E1EAF4 /* supermarket */; };
		B3A20CE11C06DB8300E1EAF4 /* Supermarket.swift in Sources */ = {isa = PBXBuildFile; fileRef = B3A20CE01C06DB8300E1EAF4 /* Supermarket.swift */; };
		B3A20CE41C06F2C300E1EAF4 /* CategoryCell.swift in Sources */ = {isa = PBXBuildFile; fileRef = B3A20CE31C06F2C300E1EAF4 /* CategoryCell.swift */; };
		B3ACB7FA1C05520D00C1678E /* BuyView.swift in Sources */ = {isa = PBXBuildFile; fileRef = B3ACB7F91C05520D00C1678E /* BuyView.swift */; };
		B3ACB7FD1C056AF600C1678E /* String + Extension.swift in Sources */ = {isa = PBXBuildFile; fileRef = B3ACB7FC1C056AF600C1678E /* String + Extension.swift */; };
		B3B134B71BFEBB4D004C60AE /* MinePlist.plist in Resources */ = {isa = PBXBuildFile; fileRef = B3B134B61BFEBB4D004C60AE /* MinePlist.plist */; };
		B3B134C01BFEF11B004C60AE /* HomeTableHeadView.swift in Sources */ = {isa = PBXBuildFile; fileRef = B3B134BF1BFEF11B004C60AE /* HomeTableHeadView.swift */; };
		B3B134C21BFEF195004C60AE /* HomeViewController.swift in Sources */ = {isa = PBXBuildFile; fileRef = B3B134C11BFEF195004C60AE /* HomeViewController.swift */; };
		B3B134C41BFEF282004C60AE /* PageScrollView.swift in Sources */ = {isa = PBXBuildFile; fileRef = B3B134C31BFEF282004C60AE /* PageScrollView.swift */; };
		B3C4E31F1C02B4D60025074D /* IconImageTextView.swift in Sources */ = {isa = PBXBuildFile; fileRef = B3C4E31E1C02B4D60025074D /* IconImageTextView.swift */; };
		B3C4E39A1C0312340025074D /* HomeCell.swift in Sources */ = {isa = PBXBuildFile; fileRef = B3C4E3991C0312340025074D /* HomeCell.swift */; };
		B3C4E39C1C0315BA0025074D /* FreshHot.swift in Sources */ = {isa = PBXBuildFile; fileRef = B3C4E39B1C0315BA0025074D /* FreshHot.swift */; };
		B3CA503F1C0C19DE0009960F /* ShopCarRedDotView.swift in Sources */ = {isa = PBXBuildFile; fileRef = B3CA503E1C0C19DE0009960F /* ShopCarRedDotView.swift */; settings = {ASSET_TAGS = (); }; };
		B3CA50411C0C25EE0009960F /* UserShopCarTool.swift in Sources */ = {isa = PBXBuildFile; fileRef = B3CA50401C0C25EE0009960F /* UserShopCarTool.swift */; settings = {ASSET_TAGS = (); }; };
		B3CAA3A41C05852900CA1FE0 /* ProgressHUDManager.swift in Sources */ = {isa = PBXBuildFile; fileRef = B3CAA3A31C05852900CA1FE0 /* ProgressHUDManager.swift */; };
		B3CAA3A61C0595F300CA1FE0 /* HomeCollectionFooterView.swift in Sources */ = {isa = PBXBuildFile; fileRef = B3CAA3A51C0595F300CA1FE0 /* HomeCollectionFooterView.swift */; };
		B3EF038A1C07F63400595884 /* LFBTableView.swift in Sources */ = {isa = PBXBuildFile; fileRef = B3EF03891C07F63400595884 /* LFBTableView.swift */; };
		B3EF038C1C07FE8C00595884 /* LFBCollectionView.swift in Sources */ = {isa = PBXBuildFile; fileRef = B3EF038B1C07FE8C00595884 /* LFBCollectionView.swift */; };
		B3EF038E1C0807EC00595884 /* ProductsViewController.swift in Sources */ = {isa = PBXBuildFile; fileRef = B3EF038D1C0807EC00595884 /* ProductsViewController.swift */; };
		B3EF03901C080D5600595884 /* ProductCell.swift in Sources */ = {isa = PBXBuildFile; fileRef = B3EF038F1C080D5600595884 /* ProductCell.swift */; };
		B3EF03921C0838C900595884 /* SupermarketHeadView.swift in Sources */ = {isa = PBXBuildFile; fileRef = B3EF03911C0838C900595884 /* SupermarketHeadView.swift */; };
		FAF9AECE1C008BE000EDFC75 /* HotView.swift in Sources */ = {isa = PBXBuildFile; fileRef = FAF9AECD1C008BE000EDFC75 /* HotView.swift */; };
		FAF9AED31C00934400EDFC75 /* HeadResources.swift in Sources */ = {isa = PBXBuildFile; fileRef = FAF9AED21C00934400EDFC75 /* HeadResources.swift */; };
		FAF9AED61C0096B500EDFC75 /* SwiftDictModel.swift in Sources */ = {isa = PBXBuildFile; fileRef = FAF9AED51C0096B500EDFC75 /* SwiftDictModel.swift */; };
		FAF9AED81C0098D400EDFC75 /* 首页焦点按钮 in Resources */ = {isa = PBXBuildFile; fileRef = FAF9AED71C0098D400EDFC75 /* 首页焦点按钮 */; };
		FAF9AEDA1C02A66A00EDFC75 /* AD in Resources */ = {isa = PBXBuildFile; fileRef = FAF9AED91C02A66A00EDFC75 /* AD */; };
		FAF9AEDC1C02A66F00EDFC75 /* 促销 in Resources */ = {isa = PBXBuildFile; fileRef = FAF9AEDB1C02A66F00EDFC75 /* 促销 */; };
		FAF9AEDE1C02A6A900EDFC75 /* 首页新鲜热卖 in Resources */ = {isa = PBXBuildFile; fileRef = FAF9AEDD1C02A6A900EDFC75 /* 首页新鲜热卖 */; };
		FAF9AF241C0B3BCC00EDFC75 /* UIImage + Extension.swift in Sources */ = {isa = PBXBuildFile; fileRef = FAF9AF231C0B3BCC00EDFC75 /* UIImage + Extension.swift */; };
/* End PBXBuildFile section */

/* Begin PBXContainerItemProxy section */
		B31252881BFC79EB0098B995 /* PBXContainerItemProxy */ = {
			isa = PBXContainerItemProxy;
			containerPortal = B312526B1BFC79EB0098B995 /* Project object */;
			proxyType = 1;
			remoteGlobalIDString = B31252721BFC79EB0098B995;
			remoteInfo = LoveFreshBeen;
		};
		B31252931BFC79EB0098B995 /* PBXContainerItemProxy */ = {
			isa = PBXContainerItemProxy;
			containerPortal = B312526B1BFC79EB0098B995 /* Project object */;
			proxyType = 1;
			remoteGlobalIDString = B31252721BFC79EB0098B995;
			remoteInfo = LoveFreshBeen;
		};
/* End PBXContainerItemProxy section */

/* Begin PBXFileReference section */
		7CF34CCA0CEE5B75F2890547 /* libPods.a */ = {isa = PBXFileReference; explicitFileType = archive.ar; includeInIndex = 0; path = libPods.a; sourceTree = BUILT_PRODUCTS_DIR; };
		B31252731BFC79EB0098B995 /* LoveFreshBeen.app */ = {isa = PBXFileReference; explicitFileType = wrapper.application; includeInIndex = 0; path = LoveFreshBeen.app; sourceTree = BUILT_PRODUCTS_DIR; };
		B31252761BFC79EB0098B995 /* AppDelegate.swift */ = {isa = PBXFileReference; lastKnownFileType = sourcecode.swift; path = AppDelegate.swift; sourceTree = "<group>"; };
		B312527D1BFC79EB0098B995 /* Assets.xcassets */ = {isa = PBXFileReference; lastKnownFileType = folder.assetcatalog; path = Assets.xcassets; sourceTree = "<group>"; };
		B31252821BFC79EB0098B995 /* Info.plist */ = {isa = PBXFileReference; lastKnownFileType = text.plist.xml; path = Info.plist; sourceTree = "<group>"; };
		B31252871BFC79EB0098B995 /* LoveFreshBeenTests.xctest */ = {isa = PBXFileReference; explicitFileType = wrapper.cfbundle; includeInIndex = 0; path = LoveFreshBeenTests.xctest; sourceTree = BUILT_PRODUCTS_DIR; };
		B312528B1BFC79EB0098B995 /* LoveFreshBeenTests.swift */ = {isa = PBXFileReference; lastKnownFileType = sourcecode.swift; path = LoveFreshBeenTests.swift; sourceTree = "<group>"; };
		B312528D1BFC79EB0098B995 /* Info.plist */ = {isa = PBXFileReference; lastKnownFileType = text.plist.xml; path = Info.plist; sourceTree = "<group>"; };
		B31252921BFC79EB0098B995 /* LoveFreshBeenUITests.xctest */ = {isa = PBXFileReference; explicitFileType = wrapper.cfbundle; includeInIndex = 0; path = LoveFreshBeenUITests.xctest; sourceTree = BUILT_PRODUCTS_DIR; };
		B31252961BFC79EB0098B995 /* LoveFreshBeenUITests.swift */ = {isa = PBXFileReference; lastKnownFileType = sourcecode.swift; path = LoveFreshBeenUITests.swift; sourceTree = "<group>"; };
		B31252981BFC79EB0098B995 /* Info.plist */ = {isa = PBXFileReference; lastKnownFileType = text.plist.xml; path = Info.plist; sourceTree = "<group>"; };
		B31252AF1BFC7B3E0098B995 /* SupermarketViewController.swift */ = {isa = PBXFileReference; fileEncoding = 4; lastKnownFileType = sourcecode.swift; path = SupermarketViewController.swift; sourceTree = "<group>"; };
		B31252B11BFC7B490098B995 /* ScheduleViewController.swift */ = {isa = PBXFileReference; fileEncoding = 4; lastKnownFileType = sourcecode.swift; path = ScheduleViewController.swift; sourceTree = "<group>"; };
		B31252B31BFC7B550098B995 /* ShopCartViewController.swift */ = {isa = PBXFileReference; fileEncoding = 4; lastKnownFileType = sourcecode.swift; path = ShopCartViewController.swift; sourceTree = "<group>"; };
		B31252B51BFC7B610098B995 /* MineViewController.swift */ = {isa = PBXFileReference; fileEncoding = 4; lastKnownFileType = sourcecode.swift; path = MineViewController.swift; sourceTree = "<group>"; };
		B31252B71BFC7B790098B995 /* BaseViewController.swift */ = {isa = PBXFileReference; fileEncoding = 4; lastKnownFileType = sourcecode.swift; path = BaseViewController.swift; sourceTree = "<group>"; };
		B31252B81BFC7B790098B995 /* MainViewController.swift */ = {isa = PBXFileReference; fileEncoding = 4; lastKnownFileType = sourcecode.swift; path = MainViewController.swift; sourceTree = "<group>"; };
		B31252BB1BFC7B820098B995 /* Theme.swift */ = {isa = PBXFileReference; fileEncoding = 4; lastKnownFileType = sourcecode.swift; path = Theme.swift; sourceTree = "<group>"; };
		B31252C01BFC7BB00098B995 /* RAMBounceAnimation.swift */ = {isa = PBXFileReference; fileEncoding = 4; lastKnownFileType = sourcecode.swift; path = RAMBounceAnimation.swift; sourceTree = "<group>"; };
		B31252C21BFC7BB00098B995 /* RAMFrameItemAnimation.swift */ = {isa = PBXFileReference; fileEncoding = 4; lastKnownFileType = sourcecode.swift; path = RAMFrameItemAnimation.swift; sourceTree = "<group>"; };
		B31252C41BFC7BB00098B995 /* RAMFumeAnimation.swift */ = {isa = PBXFileReference; fileEncoding = 4; lastKnownFileType = sourcecode.swift; path = RAMFumeAnimation.swift; sourceTree = "<group>"; };
		B31252C61BFC7BB00098B995 /* RAMRotationAnimation.swift */ = {isa = PBXFileReference; fileEncoding = 4; lastKnownFileType = sourcecode.swift; path = RAMRotationAnimation.swift; sourceTree = "<group>"; };
		B31252C81BFC7BB00098B995 /* RAMTransitionItemAnimation.swift */ = {isa = PBXFileReference; fileEncoding = 4; lastKnownFileType = sourcecode.swift; path = RAMTransitionItemAnimation.swift; sourceTree = "<group>"; };
		B31252C91BFC7BB00098B995 /* RAMAnimatedTabBarController.swift */ = {isa = PBXFileReference; fileEncoding = 4; lastKnownFileType = sourcecode.swift; path = RAMAnimatedTabBarController.swift; sourceTree = "<group>"; };
		B31252CA1BFC7BB00098B995 /* RAMItemAnimationProtocol.swift */ = {isa = PBXFileReference; fileEncoding = 4; lastKnownFileType = sourcecode.swift; path = RAMItemAnimationProtocol.swift; sourceTree = "<group>"; };
		B31252D21BFC7F940098B995 /* BaseNavigationController.swift */ = {isa = PBXFileReference; fileEncoding = 4; lastKnownFileType = sourcecode.swift; path = BaseNavigationController.swift; sourceTree = "<group>"; };
		B32235341C0445D5006EADE7 /* DiscountPriceView.swift */ = {isa = PBXFileReference; fileEncoding = 4; lastKnownFileType = sourcecode.swift; path = DiscountPriceView.swift; sourceTree = "<group>"; };
		B35C1D9E1BFD676D006260D0 /* Color+Extension.swift */ = {isa = PBXFileReference; fileEncoding = 4; lastKnownFileType = sourcecode.swift; path = "Color+Extension.swift"; sourceTree = "<group>"; };
		B35C1DA01BFD6B06006260D0 /* UIView+Extension.swift */ = {isa = PBXFileReference; fileEncoding = 4; lastKnownFileType = sourcecode.swift; path = "UIView+Extension.swift"; sourceTree = "<group>"; };
		B35C1DA41BFD8853006260D0 /* UIBarButtonItem+Extension.swift */ = {isa = PBXFileReference; fileEncoding = 4; lastKnownFileType = sourcecode.swift; path = "UIBarButtonItem+Extension.swift"; sourceTree = "<group>"; };
		B35C1DA81BFD89E7006260D0 /* UpImageDownTextButton.swift */ = {isa = PBXFileReference; fileEncoding = 4; lastKnownFileType = sourcecode.swift; path = UpImageDownTextButton.swift; sourceTree = "<group>"; };
		B35C1DAA1BFD9BF0006260D0 /* MineHeadView.swift */ = {isa = PBXFileReference; fileEncoding = 4; lastKnownFileType = sourcecode.swift; path = MineHeadView.swift; sourceTree = "<group>"; };
		B35C1DB41BFDB423006260D0 /* MineTabeHeadView.swift */ = {isa = PBXFileReference; fileEncoding = 4; lastKnownFileType = sourcecode.swift; path = MineTabeHeadView.swift; sourceTree = "<group>"; };
		B35C1DB61BFDCD8A006260D0 /* MineCell.swift */ = {isa = PBXFileReference; fileEncoding = 4; lastKnownFileType = sourcecode.swift; path = MineCell.swift; sourceTree = "<group>"; };
		B3A20CAD1C06C5E500E1EAF4 /* MKAnnotationView+WebCache.h */ = {isa = PBXFileReference; fileEncoding = 4; lastKnownFileType = sourcecode.c.h; path = "MKAnnotationView+WebCache.h"; sourceTree = "<group>"; };
		B3A20CAE1C06C5E500E1EAF4 /* MKAnnotationView+WebCache.m */ = {isa = PBXFileReference; fileEncoding = 4; lastKnownFileType = sourcecode.c.objc; path = "MKAnnotationView+WebCache.m"; sourceTree = "<group>"; };
		B3A20CAF1C06C5E500E1EAF4 /* NSData+ImageContentType.h */ = {isa = PBXFileReference; fileEncoding = 4; lastKnownFileType = sourcecode.c.h; path = "NSData+ImageContentType.h"; sourceTree = "<group>"; };
		B3A20CB01C06C5E500E1EAF4 /* NSData+ImageContentType.m */ = {isa = PBXFileReference; fileEncoding = 4; lastKnownFileType = sourcecode.c.objc; path = "NSData+ImageContentType.m"; sourceTree = "<group>"; };
		B3A20CB11C06C5E500E1EAF4 /* SDImageCache.h */ = {isa = PBXFileReference; fileEncoding = 4; lastKnownFileType = sourcecode.c.h; path = SDImageCache.h; sourceTree = "<group>"; };
		B3A20CB21C06C5E500E1EAF4 /* SDImageCache.m */ = {isa = PBXFileReference; fileEncoding = 4; lastKnownFileType = sourcecode.c.objc; path = SDImageCache.m; sourceTree = "<group>"; };
		B3A20CB31C06C5E500E1EAF4 /* SDWebImageCompat.h */ = {isa = PBXFileReference; fileEncoding = 4; lastKnownFileType = sourcecode.c.h; path = SDWebImageCompat.h; sourceTree = "<group>"; };
		B3A20CB41C06C5E500E1EAF4 /* SDWebImageCompat.m */ = {isa = PBXFileReference; fileEncoding = 4; lastKnownFileType = sourcecode.c.objc; path = SDWebImageCompat.m; sourceTree = "<group>"; };
		B3A20CB51C06C5E500E1EAF4 /* SDWebImageDecoder.h */ = {isa = PBXFileReference; fileEncoding = 4; lastKnownFileType = sourcecode.c.h; path = SDWebImageDecoder.h; sourceTree = "<group>"; };
		B3A20CB61C06C5E500E1EAF4 /* SDWebImageDecoder.m */ = {isa = PBXFileReference; fileEncoding = 4; lastKnownFileType = sourcecode.c.objc; path = SDWebImageDecoder.m; sourceTree = "<group>"; };
		B3A20CB71C06C5E500E1EAF4 /* SDWebImageDownloader.h */ = {isa = PBXFileReference; fileEncoding = 4; lastKnownFileType = sourcecode.c.h; path = SDWebImageDownloader.h; sourceTree = "<group>"; };
		B3A20CB81C06C5E500E1EAF4 /* SDWebImageDownloader.m */ = {isa = PBXFileReference; fileEncoding = 4; lastKnownFileType = sourcecode.c.objc; path = SDWebImageDownloader.m; sourceTree = "<group>"; };
		B3A20CB91C06C5E500E1EAF4 /* SDWebImageDownloaderOperation.h */ = {isa = PBXFileReference; fileEncoding = 4; lastKnownFileType = sourcecode.c.h; path = SDWebImageDownloaderOperation.h; sourceTree = "<group>"; };
		B3A20CBA1C06C5E500E1EAF4 /* SDWebImageDownloaderOperation.m */ = {isa = PBXFileReference; fileEncoding = 4; lastKnownFileType = sourcecode.c.objc; path = SDWebImageDownloaderOperation.m; sourceTree = "<group>"; };
		B3A20CBB1C06C5E500E1EAF4 /* SDWebImageManager.h */ = {isa = PBXFileReference; fileEncoding = 4; lastKnownFileType = sourcecode.c.h; path = SDWebImageManager.h; sourceTree = "<group>"; };
		B3A20CBC1C06C5E500E1EAF4 /* SDWebImageManager.m */ = {isa = PBXFileReference; fileEncoding = 4; lastKnownFileType = sourcecode.c.objc; path = SDWebImageManager.m; sourceTree = "<group>"; };
		B3A20CBD1C06C5E500E1EAF4 /* SDWebImageOperation.h */ = {isa = PBXFileReference; fileEncoding = 4; lastKnownFileType = sourcecode.c.h; path = SDWebImageOperation.h; sourceTree = "<group>"; };
		B3A20CBE1C06C5E500E1EAF4 /* SDWebImagePrefetcher.h */ = {isa = PBXFileReference; fileEncoding = 4; lastKnownFileType = sourcecode.c.h; path = SDWebImagePrefetcher.h; sourceTree = "<group>"; };
		B3A20CBF1C06C5E500E1EAF4 /* SDWebImagePrefetcher.m */ = {isa = PBXFileReference; fileEncoding = 4; lastKnownFileType = sourcecode.c.objc; path = SDWebImagePrefetcher.m; sourceTree = "<group>"; };
		B3A20CC01C06C5E500E1EAF4 /* UIButton+WebCache.h */ = {isa = PBXFileReference; fileEncoding = 4; lastKnownFileType = sourcecode.c.h; path = "UIButton+WebCache.h"; sourceTree = "<group>"; };
		B3A20CC11C06C5E500E1EAF4 /* UIButton+WebCache.m */ = {isa = PBXFileReference; fileEncoding = 4; lastKnownFileType = sourcecode.c.objc; path = "UIButton+WebCache.m"; sourceTree = "<group>"; };
		B3A20CC21C06C5E500E1EAF4 /* UIImage+GIF.h */ = {isa = PBXFileReference; fileEncoding = 4; lastKnownFileType = sourcecode.c.h; path = "UIImage+GIF.h"; sourceTree = "<group>"; };
		B3A20CC31C06C5E500E1EAF4 /* UIImage+GIF.m */ = {isa = PBXFileReference; fileEncoding = 4; lastKnownFileType = sourcecode.c.objc; path = "UIImage+GIF.m"; sourceTree = "<group>"; };
		B3A20CC41C06C5E500E1EAF4 /* UIImage+MultiFormat.h */ = {isa = PBXFileReference; fileEncoding = 4; lastKnownFileType = sourcecode.c.h; path = "UIImage+MultiFormat.h"; sourceTree = "<group>"; };
		B3A20CC51C06C5E500E1EAF4 /* UIImage+MultiFormat.m */ = {isa = PBXFileReference; fileEncoding = 4; lastKnownFileType = sourcecode.c.objc; path = "UIImage+MultiFormat.m"; sourceTree = "<group>"; };
		B3A20CC61C06C5E500E1EAF4 /* UIImage+WebP.h */ = {isa = PBXFileReference; fileEncoding = 4; lastKnownFileType = sourcecode.c.h; path = "UIImage+WebP.h"; sourceTree = "<group>"; };
		B3A20CC71C06C5E500E1EAF4 /* UIImage+WebP.m */ = {isa = PBXFileReference; fileEncoding = 4; lastKnownFileType = sourcecode.c.objc; path = "UIImage+WebP.m"; sourceTree = "<group>"; };
		B3A20CC81C06C5E500E1EAF4 /* UIImageView+HighlightedWebCache.h */ = {isa = PBXFileReference; fileEncoding = 4; lastKnownFileType = sourcecode.c.h; path = "UIImageView+HighlightedWebCache.h"; sourceTree = "<group>"; };
		B3A20CC91C06C5E500E1EAF4 /* UIImageView+HighlightedWebCache.m */ = {isa = PBXFileReference; fileEncoding = 4; lastKnownFileType = sourcecode.c.objc; path = "UIImageView+HighlightedWebCache.m"; sourceTree = "<group>"; };
		B3A20CCA1C06C5E500E1EAF4 /* UIImageView+WebCache.h */ = {isa = PBXFileReference; fileEncoding = 4; lastKnownFileType = sourcecode.c.h; path = "UIImageView+WebCache.h"; sourceTree = "<group>"; };
		B3A20CCB1C06C5E500E1EAF4 /* UIImageView+WebCache.m */ = {isa = PBXFileReference; fileEncoding = 4; lastKnownFileType = sourcecode.c.objc; path = "UIImageView+WebCache.m"; sourceTree = "<group>"; };
		B3A20CCC1C06C5E500E1EAF4 /* UIView+WebCacheOperation.h */ = {isa = PBXFileReference; fileEncoding = 4; lastKnownFileType = sourcecode.c.h; path = "UIView+WebCacheOperation.h"; sourceTree = "<group>"; };
		B3A20CCD1C06C5E500E1EAF4 /* UIView+WebCacheOperation.m */ = {isa = PBXFileReference; fileEncoding = 4; lastKnownFileType = sourcecode.c.objc; path = "UIView+WebCacheOperation.m"; sourceTree = "<group>"; };
		B3A20CDE1C06D99600E1EAF4 /* supermarket */ = {isa = PBXFileReference; fileEncoding = 4; lastKnownFileType = text; path = supermarket; sourceTree = "<group>"; };
		B3A20CE01C06DB8300E1EAF4 /* Supermarket.swift */ = {isa = PBXFileReference; fileEncoding = 4; lastKnownFileType = sourcecode.swift; path = Supermarket.swift; sourceTree = "<group>"; };
		B3A20CE31C06F2C300E1EAF4 /* CategoryCell.swift */ = {isa = PBXFileReference; fileEncoding = 4; lastKnownFileType = sourcecode.swift; path = CategoryCell.swift; sourceTree = "<group>"; };
		B3ACB7F91C05520D00C1678E /* BuyView.swift */ = {isa = PBXFileReference; fileEncoding = 4; lastKnownFileType = sourcecode.swift; path = BuyView.swift; sourceTree = "<group>"; };
		B3ACB7FC1C056AF600C1678E /* String + Extension.swift */ = {isa = PBXFileReference; fileEncoding = 4; lastKnownFileType = sourcecode.swift; name = "String + Extension.swift"; path = "LoveFreshBeen/Class/String + Extension.swift"; sourceTree = SOURCE_ROOT; };
		B3B134B61BFEBB4D004C60AE /* MinePlist.plist */ = {isa = PBXFileReference; fileEncoding = 4; lastKnownFileType = text.plist.xml; path = MinePlist.plist; sourceTree = "<group>"; };
		B3B134B81BFEEBDC004C60AE /* LoveFreshBeen-Bridging-Header.h */ = {isa = PBXFileReference; lastKnownFileType = sourcecode.c.h; path = "LoveFreshBeen-Bridging-Header.h"; sourceTree = "<group>"; };
		B3B134BF1BFEF11B004C60AE /* HomeTableHeadView.swift */ = {isa = PBXFileReference; fileEncoding = 4; lastKnownFileType = sourcecode.swift; path = HomeTableHeadView.swift; sourceTree = "<group>"; };
		B3B134C11BFEF195004C60AE /* HomeViewController.swift */ = {isa = PBXFileReference; fileEncoding = 4; lastKnownFileType = sourcecode.swift; path = HomeViewController.swift; sourceTree = "<group>"; };
		B3B134C31BFEF282004C60AE /* PageScrollView.swift */ = {isa = PBXFileReference; fileEncoding = 4; lastKnownFileType = sourcecode.swift; path = PageScrollView.swift; sourceTree = "<group>"; };
		B3C4E31E1C02B4D60025074D /* IconImageTextView.swift */ = {isa = PBXFileReference; fileEncoding = 4; lastKnownFileType = sourcecode.swift; path = IconImageTextView.swift; sourceTree = "<group>"; };
		B3C4E3991C0312340025074D /* HomeCell.swift */ = {isa = PBXFileReference; fileEncoding = 4; lastKnownFileType = sourcecode.swift; path = HomeCell.swift; sourceTree = "<group>"; };
		B3C4E39B1C0315BA0025074D /* FreshHot.swift */ = {isa = PBXFileReference; fileEncoding = 4; lastKnownFileType = sourcecode.swift; path = FreshHot.swift; sourceTree = "<group>"; };
		B3CA503E1C0C19DE0009960F /* ShopCarRedDotView.swift */ = {isa = PBXFileReference; fileEncoding = 4; lastKnownFileType = sourcecode.swift; path = ShopCarRedDotView.swift; sourceTree = "<group>"; };
		B3CA50401C0C25EE0009960F /* UserShopCarTool.swift */ = {isa = PBXFileReference; fileEncoding = 4; lastKnownFileType = sourcecode.swift; path = UserShopCarTool.swift; sourceTree = "<group>"; };
		B3CAA3A31C05852900CA1FE0 /* ProgressHUDManager.swift */ = {isa = PBXFileReference; fileEncoding = 4; lastKnownFileType = sourcecode.swift; path = ProgressHUDManager.swift; sourceTree = "<group>"; };
		B3CAA3A51C0595F300CA1FE0 /* HomeCollectionFooterView.swift */ = {isa = PBXFileReference; fileEncoding = 4; lastKnownFileType = sourcecode.swift; path = HomeCollectionFooterView.swift; sourceTree = "<group>"; };
		B3EF03891C07F63400595884 /* LFBTableView.swift */ = {isa = PBXFileReference; fileEncoding = 4; lastKnownFileType = sourcecode.swift; path = LFBTableView.swift; sourceTree = "<group>"; };
		B3EF038B1C07FE8C00595884 /* LFBCollectionView.swift */ = {isa = PBXFileReference; fileEncoding = 4; lastKnownFileType = sourcecode.swift; path = LFBCollectionView.swift; sourceTree = "<group>"; };
		B3EF038D1C0807EC00595884 /* ProductsViewController.swift */ = {isa = PBXFileReference; fileEncoding = 4; lastKnownFileType = sourcecode.swift; path = ProductsViewController.swift; sourceTree = "<group>"; };
		B3EF038F1C080D5600595884 /* ProductCell.swift */ = {isa = PBXFileReference; fileEncoding = 4; lastKnownFileType = sourcecode.swift; path = ProductCell.swift; sourceTree = "<group>"; };
		B3EF03911C0838C900595884 /* SupermarketHeadView.swift */ = {isa = PBXFileReference; fileEncoding = 4; lastKnownFileType = sourcecode.swift; path = SupermarketHeadView.swift; sourceTree = "<group>"; };
		E372C8047ED1AE2C27FB8CCD /* Pods.release.xcconfig */ = {isa = PBXFileReference; includeInIndex = 1; lastKnownFileType = text.xcconfig; name = Pods.release.xcconfig; path = "Pods/Target Support Files/Pods/Pods.release.xcconfig"; sourceTree = "<group>"; };
		F4EB10C6FBD193A56A882E0F /* Pods.debug.xcconfig */ = {isa = PBXFileReference; includeInIndex = 1; lastKnownFileType = text.xcconfig; name = Pods.debug.xcconfig; path = "Pods/Target Support Files/Pods/Pods.debug.xcconfig"; sourceTree = "<group>"; };
		FAF9AECD1C008BE000EDFC75 /* HotView.swift */ = {isa = PBXFileReference; fileEncoding = 4; lastKnownFileType = sourcecode.swift; path = HotView.swift; sourceTree = "<group>"; };
		FAF9AED21C00934400EDFC75 /* HeadResources.swift */ = {isa = PBXFileReference; fileEncoding = 4; lastKnownFileType = sourcecode.swift; path = HeadResources.swift; sourceTree = "<group>"; };
		FAF9AED51C0096B500EDFC75 /* SwiftDictModel.swift */ = {isa = PBXFileReference; fileEncoding = 4; lastKnownFileType = sourcecode.swift; path = SwiftDictModel.swift; sourceTree = "<group>"; };
		FAF9AED71C0098D400EDFC75 /* 首页焦点按钮 */ = {isa = PBXFileReference; fileEncoding = 4; lastKnownFileType = text; path = "首页焦点按钮"; sourceTree = "<group>"; };
		FAF9AED91C02A66A00EDFC75 /* AD */ = {isa = PBXFileReference; fileEncoding = 4; lastKnownFileType = text; path = AD; sourceTree = "<group>"; };
		FAF9AEDB1C02A66F00EDFC75 /* 促销 */ = {isa = PBXFileReference; fileEncoding = 4; lastKnownFileType = text; path = "促销"; sourceTree = "<group>"; };
		FAF9AEDD1C02A6A900EDFC75 /* 首页新鲜热卖 */ = {isa = PBXFileReference; fileEncoding = 4; lastKnownFileType = text; path = "首页新鲜热卖"; sourceTree = "<group>"; };
		FAF9AF231C0B3BCC00EDFC75 /* UIImage + Extension.swift */ = {isa = PBXFileReference; fileEncoding = 4; lastKnownFileType = sourcecode.swift; path = "UIImage + Extension.swift"; sourceTree = "<group>"; };
/* End PBXFileReference section */

/* Begin PBXFrameworksBuildPhase section */
		B31252701BFC79EB0098B995 /* Frameworks */ = {
			isa = PBXFrameworksBuildPhase;
			buildActionMask = 2147483647;
			files = (
				1F9AC75134A4B43CF4749056 /* libPods.a in Frameworks */,
			);
			runOnlyForDeploymentPostprocessing = 0;
		};
		B31252841BFC79EB0098B995 /* Frameworks */ = {
			isa = PBXFrameworksBuildPhase;
			buildActionMask = 2147483647;
			files = (
			);
			runOnlyForDeploymentPostprocessing = 0;
		};
		B312528F1BFC79EB0098B995 /* Frameworks */ = {
			isa = PBXFrameworksBuildPhase;
			buildActionMask = 2147483647;
			files = (
			);
			runOnlyForDeploymentPostprocessing = 0;
		};
/* End PBXFrameworksBuildPhase section */

/* Begin PBXGroup section */
		77FC2016DC7E5E33DA950B3E /* Frameworks */ = {
			isa = PBXGroup;
			children = (
				7CF34CCA0CEE5B75F2890547 /* libPods.a */,
			);
			name = Frameworks;
			sourceTree = "<group>";
		};
		B312526A1BFC79EB0098B995 = {
			isa = PBXGroup;
			children = (
				B31252751BFC79EB0098B995 /* LoveFreshBeen */,
				B312528A1BFC79EB0098B995 /* LoveFreshBeenTests */,
				B31252951BFC79EB0098B995 /* LoveFreshBeenUITests */,
				B31252741BFC79EB0098B995 /* Products */,
				D11302B9A6C2D160ABAF32E9 /* Pods */,
				77FC2016DC7E5E33DA950B3E /* Frameworks */,
			);
			sourceTree = "<group>";
		};
		B31252741BFC79EB0098B995 /* Products */ = {
			isa = PBXGroup;
			children = (
				B31252731BFC79EB0098B995 /* LoveFreshBeen.app */,
				B31252871BFC79EB0098B995 /* LoveFreshBeenTests.xctest */,
				B31252921BFC79EB0098B995 /* LoveFreshBeenUITests.xctest */,
			);
			name = Products;
			sourceTree = "<group>";
		};
		B31252751BFC79EB0098B995 /* LoveFreshBeen */ = {
			isa = PBXGroup;
			children = (
				B31252761BFC79EB0098B995 /* AppDelegate.swift */,
				B3B134B81BFEEBDC004C60AE /* LoveFreshBeen-Bridging-Header.h */,
				B31252A41BFC7AC60098B995 /* Class */,
				B312527D1BFC79EB0098B995 /* Assets.xcassets */,
				B31252821BFC79EB0098B995 /* Info.plist */,
			);
			path = LoveFreshBeen;
			sourceTree = "<group>";
		};
		B312528A1BFC79EB0098B995 /* LoveFreshBeenTests */ = {
			isa = PBXGroup;
			children = (
				B312528B1BFC79EB0098B995 /* LoveFreshBeenTests.swift */,
				B312528D1BFC79EB0098B995 /* Info.plist */,
			);
			path = LoveFreshBeenTests;
			sourceTree = "<group>";
		};
		B31252951BFC79EB0098B995 /* LoveFreshBeenUITests */ = {
			isa = PBXGroup;
			children = (
				B31252961BFC79EB0098B995 /* LoveFreshBeenUITests.swift */,
				B31252981BFC79EB0098B995 /* Info.plist */,
			);
			path = LoveFreshBeenUITests;
			sourceTree = "<group>";
		};
		B31252A41BFC7AC60098B995 /* Class */ = {
			isa = PBXGroup;
			children = (
				FAF9AED41C0096A800EDFC75 /* Tools */,
				B31252A61BFC7AC60098B995 /* Home */,
				B31252AB1BFC7AC60098B995 /* SuperMarket */,
				B31252A51BFC7AC60098B995 /* FreshReserve */,
				B31252AA1BFC7AC60098B995 /* ShopCart */,
				B31252A81BFC7AC60098B995 /* Mine */,
				B31252A71BFC7AC60098B995 /* LFBBase */,
				B31252A91BFC7AC60098B995 /* Other */,
				B35C1D9D1BFD671B006260D0 /* Extension */,
				B31252AC1BFC7AC60098B995 /* Vender */,
				B3B134B51BFEBB1C004C60AE /* Resouce */,
			);
			path = Class;
			sourceTree = "<group>";
		};
		B31252A51BFC7AC60098B995 /* FreshReserve */ = {
			isa = PBXGroup;
			children = (
				B31252B11BFC7B490098B995 /* ScheduleViewController.swift */,
			);
			path = FreshReserve;
			sourceTree = "<group>";
		};
		B31252A61BFC7AC60098B995 /* Home */ = {
			isa = PBXGroup;
			children = (
				B3B134C11BFEF195004C60AE /* HomeViewController.swift */,
				B3CAA3A51C0595F300CA1FE0 /* HomeCollectionFooterView.swift */,
				B3B134BF1BFEF11B004C60AE /* HomeTableHeadView.swift */,
				FAF9AECD1C008BE000EDFC75 /* HotView.swift */,
				B3C4E31E1C02B4D60025074D /* IconImageTextView.swift */,
				B3C4E3991C0312340025074D /* HomeCell.swift */,
				FAF9AECF1C0092A500EDFC75 /* Model */,
			);
			path = Home;
			sourceTree = "<group>";
		};
		B31252A71BFC7AC60098B995 /* LFBBase */ = {
			isa = PBXGroup;
			children = (
				B31252B71BFC7B790098B995 /* BaseViewController.swift */,
				B3ACB7F91C05520D00C1678E /* BuyView.swift */,
				B31252B81BFC7B790098B995 /* MainViewController.swift */,
				B31252D21BFC7F940098B995 /* BaseNavigationController.swift */,
				B35C1DA81BFD89E7006260D0 /* UpImageDownTextButton.swift */,
				B3B134C31BFEF282004C60AE /* PageScrollView.swift */,
				B32235341C0445D5006EADE7 /* DiscountPriceView.swift */,
				B3EF03891C07F63400595884 /* LFBTableView.swift */,
				B3EF038B1C07FE8C00595884 /* LFBCollectionView.swift */,
				B3CA503E1C0C19DE0009960F /* ShopCarRedDotView.swift */,
			);
			path = LFBBase;
			sourceTree = "<group>";
		};
		B31252A81BFC7AC60098B995 /* Mine */ = {
			isa = PBXGroup;
			children = (
				B31252B51BFC7B610098B995 /* MineViewController.swift */,
				B35C1DB41BFDB423006260D0 /* MineTabeHeadView.swift */,
				B35C1DAA1BFD9BF0006260D0 /* MineHeadView.swift */,
				B35C1DB61BFDCD8A006260D0 /* MineCell.swift */,
			);
			path = Mine;
			sourceTree = "<group>";
		};
		B31252A91BFC7AC60098B995 /* Other */ = {
			isa = PBXGroup;
			children = (
				B31252BB1BFC7B820098B995 /* Theme.swift */,
			);
			path = Other;
			sourceTree = "<group>";
		};
		B31252AA1BFC7AC60098B995 /* ShopCart */ = {
			isa = PBXGroup;
			children = (
				B31252B31BFC7B550098B995 /* ShopCartViewController.swift */,
			);
			path = ShopCart;
			sourceTree = "<group>";
		};
		B31252AB1BFC7AC60098B995 /* SuperMarket */ = {
			isa = PBXGroup;
			children = (
				B31252AF1BFC7B3E0098B995 /* SupermarketViewController.swift */,
				B3EF038D1C0807EC00595884 /* ProductsViewController.swift */,
				B3EF03911C0838C900595884 /* SupermarketHeadView.swift */,
				B3EF038F1C080D5600595884 /* ProductCell.swift */,
				B3A20CE31C06F2C300E1EAF4 /* CategoryCell.swift */,
				B3A20CE21C06DB8800E1EAF4 /* Model */,
			);
			path = SuperMarket;
			sourceTree = "<group>";
		};
		B31252AC1BFC7AC60098B995 /* Vender */ = {
			isa = PBXGroup;
			children = (
				B3A20CAC1C06C5E500E1EAF4 /* SDWebImage */,
				B31252BD1BFC7BB00098B995 /* RAMAnimatedTabBarController */,
			);
			path = Vender;
			sourceTree = "<group>";
		};
		B31252BD1BFC7BB00098B995 /* RAMAnimatedTabBarController */ = {
			isa = PBXGroup;
			children = (
				B31252BE1BFC7BB00098B995 /* Animations */,
				B31252C91BFC7BB00098B995 /* RAMAnimatedTabBarController.swift */,
				B31252CA1BFC7BB00098B995 /* RAMItemAnimationProtocol.swift */,
			);
			path = RAMAnimatedTabBarController;
			sourceTree = "<group>";
		};
		B31252BE1BFC7BB00098B995 /* Animations */ = {
			isa = PBXGroup;
			children = (
				B31252BF1BFC7BB00098B995 /* BounceAnimation */,
				B31252C11BFC7BB00098B995 /* FrameAnimation */,
				B31252C31BFC7BB00098B995 /* FumeAnimation */,
				B31252C51BFC7BB00098B995 /* RotationAnimation */,
				B31252C71BFC7BB00098B995 /* TransitionAniamtions */,
			);
			path = Animations;
			sourceTree = "<group>";
		};
		B31252BF1BFC7BB00098B995 /* BounceAnimation */ = {
			isa = PBXGroup;
			children = (
				B31252C01BFC7BB00098B995 /* RAMBounceAnimation.swift */,
			);
			path = BounceAnimation;
			sourceTree = "<group>";
		};
		B31252C11BFC7BB00098B995 /* FrameAnimation */ = {
			isa = PBXGroup;
			children = (
				B31252C21BFC7BB00098B995 /* RAMFrameItemAnimation.swift */,
			);
			path = FrameAnimation;
			sourceTree = "<group>";
		};
		B31252C31BFC7BB00098B995 /* FumeAnimation */ = {
			isa = PBXGroup;
			children = (
				B31252C41BFC7BB00098B995 /* RAMFumeAnimation.swift */,
			);
			path = FumeAnimation;
			sourceTree = "<group>";
		};
		B31252C51BFC7BB00098B995 /* RotationAnimation */ = {
			isa = PBXGroup;
			children = (
				B31252C61BFC7BB00098B995 /* RAMRotationAnimation.swift */,
			);
			path = RotationAnimation;
			sourceTree = "<group>";
		};
		B31252C71BFC7BB00098B995 /* TransitionAniamtions */ = {
			isa = PBXGroup;
			children = (
				B31252C81BFC7BB00098B995 /* RAMTransitionItemAnimation.swift */,
			);
			path = TransitionAniamtions;
			sourceTree = "<group>";
		};
		B35C1D9D1BFD671B006260D0 /* Extension */ = {
			isa = PBXGroup;
			children = (
				B35C1D9E1BFD676D006260D0 /* Color+Extension.swift */,
				B35C1DA01BFD6B06006260D0 /* UIView+Extension.swift */,
				B35C1DA41BFD8853006260D0 /* UIBarButtonItem+Extension.swift */,
				B3ACB7FC1C056AF600C1678E /* String + Extension.swift */,
				FAF9AF231C0B3BCC00EDFC75 /* UIImage + Extension.swift */,
			);
			path = Extension;
			sourceTree = "<group>";
		};
		B3A20CAC1C06C5E500E1EAF4 /* SDWebImage */ = {
			isa = PBXGroup;
			children = (
				B3A20CAD1C06C5E500E1EAF4 /* MKAnnotationView+WebCache.h */,
				B3A20CAE1C06C5E500E1EAF4 /* MKAnnotationView+WebCache.m */,
				B3A20CAF1C06C5E500E1EAF4 /* NSData+ImageContentType.h */,
				B3A20CB01C06C5E500E1EAF4 /* NSData+ImageContentType.m */,
				B3A20CB11C06C5E500E1EAF4 /* SDImageCache.h */,
				B3A20CB21C06C5E500E1EAF4 /* SDImageCache.m */,
				B3A20CB31C06C5E500E1EAF4 /* SDWebImageCompat.h */,
				B3A20CB41C06C5E500E1EAF4 /* SDWebImageCompat.m */,
				B3A20CB51C06C5E500E1EAF4 /* SDWebImageDecoder.h */,
				B3A20CB61C06C5E500E1EAF4 /* SDWebImageDecoder.m */,
				B3A20CB71C06C5E500E1EAF4 /* SDWebImageDownloader.h */,
				B3A20CB81C06C5E500E1EAF4 /* SDWebImageDownloader.m */,
				B3A20CB91C06C5E500E1EAF4 /* SDWebImageDownloaderOperation.h */,
				B3A20CBA1C06C5E500E1EAF4 /* SDWebImageDownloaderOperation.m */,
				B3A20CBB1C06C5E500E1EAF4 /* SDWebImageManager.h */,
				B3A20CBC1C06C5E500E1EAF4 /* SDWebImageManager.m */,
				B3A20CBD1C06C5E500E1EAF4 /* SDWebImageOperation.h */,
				B3A20CBE1C06C5E500E1EAF4 /* SDWebImagePrefetcher.h */,
				B3A20CBF1C06C5E500E1EAF4 /* SDWebImagePrefetcher.m */,
				B3A20CC01C06C5E500E1EAF4 /* UIButton+WebCache.h */,
				B3A20CC11C06C5E500E1EAF4 /* UIButton+WebCache.m */,
				B3A20CC21C06C5E500E1EAF4 /* UIImage+GIF.h */,
				B3A20CC31C06C5E500E1EAF4 /* UIImage+GIF.m */,
				B3A20CC41C06C5E500E1EAF4 /* UIImage+MultiFormat.h */,
				B3A20CC51C06C5E500E1EAF4 /* UIImage+MultiFormat.m */,
				B3A20CC61C06C5E500E1EAF4 /* UIImage+WebP.h */,
				B3A20CC71C06C5E500E1EAF4 /* UIImage+WebP.m */,
				B3A20CC81C06C5E500E1EAF4 /* UIImageView+HighlightedWebCache.h */,
				B3A20CC91C06C5E500E1EAF4 /* UIImageView+HighlightedWebCache.m */,
				B3A20CCA1C06C5E500E1EAF4 /* UIImageView+WebCache.h */,
				B3A20CCB1C06C5E500E1EAF4 /* UIImageView+WebCache.m */,
				B3A20CCC1C06C5E500E1EAF4 /* UIView+WebCacheOperation.h */,
				B3A20CCD1C06C5E500E1EAF4 /* UIView+WebCacheOperation.m */,
			);
			path = SDWebImage;
			sourceTree = "<group>";
		};
		B3A20CE21C06DB8800E1EAF4 /* Model */ = {
			isa = PBXGroup;
			children = (
				B3A20CE01C06DB8300E1EAF4 /* Supermarket.swift */,
			);
			name = Model;
			sourceTree = "<group>";
		};
		B3B134B51BFEBB1C004C60AE /* Resouce */ = {
			isa = PBXGroup;
			children = (
				B3B134B61BFEBB4D004C60AE /* MinePlist.plist */,
				FAF9AED71C0098D400EDFC75 /* 首页焦点按钮 */,
				B3A20CDE1C06D99600E1EAF4 /* supermarket */,
				FAF9AED91C02A66A00EDFC75 /* AD */,
				FAF9AEDB1C02A66F00EDFC75 /* 促销 */,
				FAF9AEDD1C02A6A900EDFC75 /* 首页新鲜热卖 */,
			);
			path = Resouce;
			sourceTree = "<group>";
		};
		D11302B9A6C2D160ABAF32E9 /* Pods */ = {
			isa = PBXGroup;
			children = (
				F4EB10C6FBD193A56A882E0F /* Pods.debug.xcconfig */,
				E372C8047ED1AE2C27FB8CCD /* Pods.release.xcconfig */,
			);
			name = Pods;
			sourceTree = "<group>";
		};
		FAF9AECF1C0092A500EDFC75 /* Model */ = {
			isa = PBXGroup;
			children = (
				FAF9AED21C00934400EDFC75 /* HeadResources.swift */,
				B3C4E39B1C0315BA0025074D /* FreshHot.swift */,
			);
			name = Model;
			sourceTree = "<group>";
		};
		FAF9AED41C0096A800EDFC75 /* Tools */ = {
			isa = PBXGroup;
			children = (
				FAF9AED51C0096B500EDFC75 /* SwiftDictModel.swift */,
				B3CAA3A31C05852900CA1FE0 /* ProgressHUDManager.swift */,
				B3CA50401C0C25EE0009960F /* UserShopCarTool.swift */,
			);
			path = Tools;
			sourceTree = "<group>";
		};
/* End PBXGroup section */

/* Begin PBXNativeTarget section */
		B31252721BFC79EB0098B995 /* LoveFreshBeen */ = {
			isa = PBXNativeTarget;
			buildConfigurationList = B312529B1BFC79EB0098B995 /* Build configuration list for PBXNativeTarget "LoveFreshBeen" */;
			buildPhases = (
				82B0FBADADEAA15AA828335F /* Check Pods Manifest.lock */,
				B312526F1BFC79EB0098B995 /* Sources */,
				B31252701BFC79EB0098B995 /* Frameworks */,
				B31252711BFC79EB0098B995 /* Resources */,
				1315DBAAB2DC320A9298DB0A /* Embed Pods Frameworks */,
				8C3F5F786556D99C708DF6B9 /* Copy Pods Resources */,
			);
			buildRules = (
			);
			dependencies = (
			);
			name = LoveFreshBeen;
			productName = LoveFreshBeen;
			productReference = B31252731BFC79EB0098B995 /* LoveFreshBeen.app */;
			productType = "com.apple.product-type.application";
		};
		B31252861BFC79EB0098B995 /* LoveFreshBeenTests */ = {
			isa = PBXNativeTarget;
			buildConfigurationList = B312529E1BFC79EB0098B995 /* Build configuration list for PBXNativeTarget "LoveFreshBeenTests" */;
			buildPhases = (
				B31252831BFC79EB0098B995 /* Sources */,
				B31252841BFC79EB0098B995 /* Frameworks */,
				B31252851BFC79EB0098B995 /* Resources */,
			);
			buildRules = (
			);
			dependencies = (
				B31252891BFC79EB0098B995 /* PBXTargetDependency */,
			);
			name = LoveFreshBeenTests;
			productName = LoveFreshBeenTests;
			productReference = B31252871BFC79EB0098B995 /* LoveFreshBeenTests.xctest */;
			productType = "com.apple.product-type.bundle.unit-test";
		};
		B31252911BFC79EB0098B995 /* LoveFreshBeenUITests */ = {
			isa = PBXNativeTarget;
			buildConfigurationList = B31252A11BFC79EB0098B995 /* Build configuration list for PBXNativeTarget "LoveFreshBeenUITests" */;
			buildPhases = (
				B312528E1BFC79EB0098B995 /* Sources */,
				B312528F1BFC79EB0098B995 /* Frameworks */,
				B31252901BFC79EB0098B995 /* Resources */,
			);
			buildRules = (
			);
			dependencies = (
				B31252941BFC79EB0098B995 /* PBXTargetDependency */,
			);
			name = LoveFreshBeenUITests;
			productName = LoveFreshBeenUITests;
			productReference = B31252921BFC79EB0098B995 /* LoveFreshBeenUITests.xctest */;
			productType = "com.apple.product-type.bundle.ui-testing";
		};
/* End PBXNativeTarget section */

/* Begin PBXProject section */
		B312526B1BFC79EB0098B995 /* Project object */ = {
			isa = PBXProject;
			attributes = {
				LastSwiftUpdateCheck = 0700;
				LastUpgradeCheck = 0700;
				ORGANIZATIONNAME = tianzhongtao;
				TargetAttributes = {
					B31252721BFC79EB0098B995 = {
						CreatedOnToolsVersion = 7.0.1;
					};
					B31252861BFC79EB0098B995 = {
						CreatedOnToolsVersion = 7.0.1;
						TestTargetID = B31252721BFC79EB0098B995;
					};
					B31252911BFC79EB0098B995 = {
						CreatedOnToolsVersion = 7.0.1;
						TestTargetID = B31252721BFC79EB0098B995;
					};
				};
			};
			buildConfigurationList = B312526E1BFC79EB0098B995 /* Build configuration list for PBXProject "LoveFreshBeen" */;
			compatibilityVersion = "Xcode 3.2";
			developmentRegion = English;
			hasScannedForEncodings = 0;
			knownRegions = (
				en,
				Base,
			);
			mainGroup = B312526A1BFC79EB0098B995;
			productRefGroup = B31252741BFC79EB0098B995 /* Products */;
			projectDirPath = "";
			projectRoot = "";
			targets = (
				B31252721BFC79EB0098B995 /* LoveFreshBeen */,
				B31252861BFC79EB0098B995 /* LoveFreshBeenTests */,
				B31252911BFC79EB0098B995 /* LoveFreshBeenUITests */,
			);
		};
/* End PBXProject section */

/* Begin PBXResourcesBuildPhase section */
		B31252711BFC79EB0098B995 /* Resources */ = {
			isa = PBXResourcesBuildPhase;
			buildActionMask = 2147483647;
			files = (
				FAF9AEDC1C02A66F00EDFC75 /* 促销 in Resources */,
				B3A20CDF1C06D99600E1EAF4 /* supermarket in Resources */,
				FAF9AED81C0098D400EDFC75 /* 首页焦点按钮 in Resources */,
				B3B134B71BFEBB4D004C60AE /* MinePlist.plist in Resources */,
				B312527E1BFC79EB0098B995 /* Assets.xcassets in Resources */,
				FAF9AEDE1C02A6A900EDFC75 /* 首页新鲜热卖 in Resources */,
				FAF9AEDA1C02A66A00EDFC75 /* AD in Resources */,
			);
			runOnlyForDeploymentPostprocessing = 0;
		};
		B31252851BFC79EB0098B995 /* Resources */ = {
			isa = PBXResourcesBuildPhase;
			buildActionMask = 2147483647;
			files = (
			);
			runOnlyForDeploymentPostprocessing = 0;
		};
		B31252901BFC79EB0098B995 /* Resources */ = {
			isa = PBXResourcesBuildPhase;
			buildActionMask = 2147483647;
			files = (
			);
			runOnlyForDeploymentPostprocessing = 0;
		};
/* End PBXResourcesBuildPhase section */

/* Begin PBXShellScriptBuildPhase section */
		1315DBAAB2DC320A9298DB0A /* Embed Pods Frameworks */ = {
			isa = PBXShellScriptBuildPhase;
			buildActionMask = 2147483647;
			files = (
			);
			inputPaths = (
			);
			name = "Embed Pods Frameworks";
			outputPaths = (
			);
			runOnlyForDeploymentPostprocessing = 0;
			shellPath = /bin/sh;
			shellScript = "\"${SRCROOT}/Pods/Target Support Files/Pods/Pods-frameworks.sh\"\n";
			showEnvVarsInLog = 0;
		};
		82B0FBADADEAA15AA828335F /* Check Pods Manifest.lock */ = {
			isa = PBXShellScriptBuildPhase;
			buildActionMask = 2147483647;
			files = (
			);
			inputPaths = (
			);
			name = "Check Pods Manifest.lock";
			outputPaths = (
			);
			runOnlyForDeploymentPostprocessing = 0;
			shellPath = /bin/sh;
			shellScript = "diff \"${PODS_ROOT}/../Podfile.lock\" \"${PODS_ROOT}/Manifest.lock\" > /dev/null\nif [[ $? != 0 ]] ; then\n    cat << EOM\nerror: The sandbox is not in sync with the Podfile.lock. Run 'pod install' or update your CocoaPods installation.\nEOM\n    exit 1\nfi\n";
			showEnvVarsInLog = 0;
		};
		8C3F5F786556D99C708DF6B9 /* Copy Pods Resources */ = {
			isa = PBXShellScriptBuildPhase;
			buildActionMask = 2147483647;
			files = (
			);
			inputPaths = (
			);
			name = "Copy Pods Resources";
			outputPaths = (
			);
			runOnlyForDeploymentPostprocessing = 0;
			shellPath = /bin/sh;
			shellScript = "\"${SRCROOT}/Pods/Target Support Files/Pods/Pods-resources.sh\"\n";
			showEnvVarsInLog = 0;
		};
/* End PBXShellScriptBuildPhase section */

/* Begin PBXSourcesBuildPhase section */
		B312526F1BFC79EB0098B995 /* Sources */ = {
			isa = PBXSourcesBuildPhase;
			buildActionMask = 2147483647;
			files = (
				B3A20CDB1C06C5E500E1EAF4 /* UIImageView+HighlightedWebCache.m in Sources */,
				B3B134C41BFEF282004C60AE /* PageScrollView.swift in Sources */,
				B3B134C21BFEF195004C60AE /* HomeViewController.swift in Sources */,
				B3ACB7FD1C056AF600C1678E /* String + Extension.swift in Sources */,
				B31252CC1BFC7BB00098B995 /* RAMFrameItemAnimation.swift in Sources */,
				B3CAA3A61C0595F300CA1FE0 /* HomeCollectionFooterView.swift in Sources */,
				B3ACB7FA1C05520D00C1678E /* BuyView.swift in Sources */,
				B35C1D9F1BFD676D006260D0 /* Color+Extension.swift in Sources */,
				B3EF03901C080D5600595884 /* ProductCell.swift in Sources */,
				B35C1DB71BFDCD8A006260D0 /* MineCell.swift in Sources */,
				B3B134C01BFEF11B004C60AE /* HomeTableHeadView.swift in Sources */,
				B31252D01BFC7BB00098B995 /* RAMAnimatedTabBarController.swift in Sources */,
				B31252BC1BFC7B820098B995 /* Theme.swift in Sources */,
				B31252B01BFC7B3E0098B995 /* SupermarketViewController.swift in Sources */,
				B3A20CD51C06C5E500E1EAF4 /* SDWebImageManager.m in Sources */,
				B3A20CDC1C06C5E500E1EAF4 /* UIImageView+WebCache.m in Sources */,
				B31252771BFC79EB0098B995 /* AppDelegate.swift in Sources */,
				B3A20CE11C06DB8300E1EAF4 /* Supermarket.swift in Sources */,
				B31252B41BFC7B550098B995 /* ShopCartViewController.swift in Sources */,
				FAF9AED31C00934400EDFC75 /* HeadResources.swift in Sources */,
				B3A20CCE1C06C5E500E1EAF4 /* MKAnnotationView+WebCache.m in Sources */,
				B3EF038C1C07FE8C00595884 /* LFBCollectionView.swift in Sources */,
				B3A20CCF1C06C5E500E1EAF4 /* NSData+ImageContentType.m in Sources */,
				FAF9AF241C0B3BCC00EDFC75 /* UIImage + Extension.swift in Sources */,
				B3C4E39C1C0315BA0025074D /* FreshHot.swift in Sources */,
				B3EF03921C0838C900595884 /* SupermarketHeadView.swift in Sources */,
				B35C1DAB1BFD9BF0006260D0 /* MineHeadView.swift in Sources */,
				B31252B21BFC7B490098B995 /* ScheduleViewController.swift in Sources */,
				B31252B91BFC7B790098B995 /* BaseViewController.swift in Sources */,
				B3CA503F1C0C19DE0009960F /* ShopCarRedDotView.swift in Sources */,
				B31252CB1BFC7BB00098B995 /* RAMBounceAnimation.swift in Sources */,
				B3A20CD41C06C5E500E1EAF4 /* SDWebImageDownloaderOperation.m in Sources */,
				B3C4E39A1C0312340025074D /* HomeCell.swift in Sources */,
				B31252D11BFC7BB00098B995 /* RAMItemAnimationProtocol.swift in Sources */,
				B35C1DA51BFD8853006260D0 /* UIBarButtonItem+Extension.swift in Sources */,
				B3A20CDA1C06C5E500E1EAF4 /* UIImage+WebP.m in Sources */,
				B3A20CD31C06C5E500E1EAF4 /* SDWebImageDownloader.m in Sources */,
				B35C1DA11BFD6B06006260D0 /* UIView+Extension.swift in Sources */,
				B31252B61BFC7B610098B995 /* MineViewController.swift in Sources */,
				B3CAA3A41C05852900CA1FE0 /* ProgressHUDManager.swift in Sources */,
				B3A20CD91C06C5E500E1EAF4 /* UIImage+MultiFormat.m in Sources */,
				B3EF038A1C07F63400595884 /* LFBTableView.swift in Sources */,
				B3CA50411C0C25EE0009960F /* UserShopCarTool.swift in Sources */,
				B3EF038E1C0807EC00595884 /* ProductsViewController.swift in Sources */,
				B3A20CD21C06C5E500E1EAF4 /* SDWebImageDecoder.m in Sources */,
				B3C4E31F1C02B4D60025074D /* IconImageTextView.swift in Sources */,
				B35C1DA91BFD89E7006260D0 /* UpImageDownTextButton.swift in Sources */,
				B32235351C0445D5006EADE7 /* DiscountPriceView.swift in Sources */,
				FAF9AECE1C008BE000EDFC75 /* HotView.swift in Sources */,
				B3A20CD71C06C5E500E1EAF4 /* UIButton+WebCache.m in Sources */,
				B31252CF1BFC7BB00098B995 /* RAMTransitionItemAnimation.swift in Sources */,
				B3A20CD61C06C5E500E1EAF4 /* SDWebImagePrefetcher.m in Sources */,
				B3A20CDD1C06C5E500E1EAF4 /* UIView+WebCacheOperation.m in Sources */,
				B31252CD1BFC7BB00098B995 /* RAMFumeAnimation.swift in Sources */,
				B31252D31BFC7F940098B995 /* BaseNavigationController.swift in Sources */,
				B31252CE1BFC7BB00098B995 /* RAMRotationAnimation.swift in Sources */,
				B3A20CD81C06C5E500E1EAF4 /* UIImage+GIF.m in Sources */,
				FAF9AED61C0096B500EDFC75 /* SwiftDictModel.swift in Sources */,
				B31252BA1BFC7B790098B995 /* MainViewController.swift in Sources */,
				B35C1DB51BFDB423006260D0 /* MineTabeHeadView.swift in Sources */,
				B3A20CD11C06C5E500E1EAF4 /* SDWebImageCompat.m in Sources */,
				B3A20CD01C06C5E500E1EAF4 /* SDImageCache.m in Sources */,
				B3A20CE41C06F2C300E1EAF4 /* CategoryCell.swift in Sources */,
			);
			runOnlyForDeploymentPostprocessing = 0;
		};
		B31252831BFC79EB0098B995 /* Sources */ = {
			isa = PBXSourcesBuildPhase;
			buildActionMask = 2147483647;
			files = (
				B312528C1BFC79EB0098B995 /* LoveFreshBeenTests.swift in Sources */,
			);
			runOnlyForDeploymentPostprocessing = 0;
		};
		B312528E1BFC79EB0098B995 /* Sources */ = {
			isa = PBXSourcesBuildPhase;
			buildActionMask = 2147483647;
			files = (
				B31252971BFC79EB0098B995 /* LoveFreshBeenUITests.swift in Sources */,
			);
			runOnlyForDeploymentPostprocessing = 0;
		};
/* End PBXSourcesBuildPhase section */

/* Begin PBXTargetDependency section */
		B31252891BFC79EB0098B995 /* PBXTargetDependency */ = {
			isa = PBXTargetDependency;
			target = B31252721BFC79EB0098B995 /* LoveFreshBeen */;
			targetProxy = B31252881BFC79EB0098B995 /* PBXContainerItemProxy */;
		};
		B31252941BFC79EB0098B995 /* PBXTargetDependency */ = {
			isa = PBXTargetDependency;
			target = B31252721BFC79EB0098B995 /* LoveFreshBeen */;
			targetProxy = B31252931BFC79EB0098B995 /* PBXContainerItemProxy */;
		};
/* End PBXTargetDependency section */

/* Begin XCBuildConfiguration section */
		B31252991BFC79EB0098B995 /* Debug */ = {
			isa = XCBuildConfiguration;
			buildSettings = {
				ALWAYS_SEARCH_USER_PATHS = NO;
				CLANG_CXX_LANGUAGE_STANDARD = "gnu++0x";
				CLANG_CXX_LIBRARY = "libc++";
				CLANG_ENABLE_MODULES = YES;
				CLANG_ENABLE_OBJC_ARC = YES;
				CLANG_WARN_BOOL_CONVERSION = YES;
				CLANG_WARN_CONSTANT_CONVERSION = YES;
				CLANG_WARN_DIRECT_OBJC_ISA_USAGE = YES_ERROR;
				CLANG_WARN_EMPTY_BODY = YES;
				CLANG_WARN_ENUM_CONVERSION = YES;
				CLANG_WARN_INT_CONVERSION = YES;
				CLANG_WARN_OBJC_ROOT_CLASS = YES_ERROR;
				CLANG_WARN_UNREACHABLE_CODE = YES;
				CLANG_WARN__DUPLICATE_METHOD_MATCH = YES;
				"CODE_SIGN_IDENTITY[sdk=iphoneos*]" = "iPhone Developer";
				COPY_PHASE_STRIP = NO;
				DEBUG_INFORMATION_FORMAT = dwarf;
				ENABLE_STRICT_OBJC_MSGSEND = YES;
				ENABLE_TESTABILITY = YES;
				GCC_C_LANGUAGE_STANDARD = gnu99;
				GCC_DYNAMIC_NO_PIC = NO;
				GCC_NO_COMMON_BLOCKS = YES;
				GCC_OPTIMIZATION_LEVEL = 0;
				GCC_PREPROCESSOR_DEFINITIONS = (
					"DEBUG=1",
					"$(inherited)",
				);
				GCC_WARN_64_TO_32_BIT_CONVERSION = YES;
				GCC_WARN_ABOUT_RETURN_TYPE = YES_ERROR;
				GCC_WARN_UNDECLARED_SELECTOR = YES;
				GCC_WARN_UNINITIALIZED_AUTOS = YES_AGGRESSIVE;
				GCC_WARN_UNUSED_FUNCTION = YES;
				GCC_WARN_UNUSED_VARIABLE = YES;
				IPHONEOS_DEPLOYMENT_TARGET = 9.0;
				MTL_ENABLE_DEBUG_INFO = YES;
				ONLY_ACTIVE_ARCH = YES;
				SDKROOT = iphoneos;
				SWIFT_OPTIMIZATION_LEVEL = "-Onone";
			};
			name = Debug;
		};
		B312529A1BFC79EB0098B995 /* Release */ = {
			isa = XCBuildConfiguration;
			buildSettings = {
				ALWAYS_SEARCH_USER_PATHS = NO;
				CLANG_CXX_LANGUAGE_STANDARD = "gnu++0x";
				CLANG_CXX_LIBRARY = "libc++";
				CLANG_ENABLE_MODULES = YES;
				CLANG_ENABLE_OBJC_ARC = YES;
				CLANG_WARN_BOOL_CONVERSION = YES;
				CLANG_WARN_CONSTANT_CONVERSION = YES;
				CLANG_WARN_DIRECT_OBJC_ISA_USAGE = YES_ERROR;
				CLANG_WARN_EMPTY_BODY = YES;
				CLANG_WARN_ENUM_CONVERSION = YES;
				CLANG_WARN_INT_CONVERSION = YES;
				CLANG_WARN_OBJC_ROOT_CLASS = YES_ERROR;
				CLANG_WARN_UNREACHABLE_CODE = YES;
				CLANG_WARN__DUPLICATE_METHOD_MATCH = YES;
				"CODE_SIGN_IDENTITY[sdk=iphoneos*]" = "iPhone Developer";
				COPY_PHASE_STRIP = NO;
				DEBUG_INFORMATION_FORMAT = "dwarf-with-dsym";
				ENABLE_NS_ASSERTIONS = NO;
				ENABLE_STRICT_OBJC_MSGSEND = YES;
				GCC_C_LANGUAGE_STANDARD = gnu99;
				GCC_NO_COMMON_BLOCKS = YES;
				GCC_WARN_64_TO_32_BIT_CONVERSION = YES;
				GCC_WARN_ABOUT_RETURN_TYPE = YES_ERROR;
				GCC_WARN_UNDECLARED_SELECTOR = YES;
				GCC_WARN_UNINITIALIZED_AUTOS = YES_AGGRESSIVE;
				GCC_WARN_UNUSED_FUNCTION = YES;
				GCC_WARN_UNUSED_VARIABLE = YES;
				IPHONEOS_DEPLOYMENT_TARGET = 9.0;
				MTL_ENABLE_DEBUG_INFO = NO;
				SDKROOT = iphoneos;
				VALIDATE_PRODUCT = YES;
			};
			name = Release;
		};
		B312529C1BFC79EB0098B995 /* Debug */ = {
			isa = XCBuildConfiguration;
			baseConfigurationReference = F4EB10C6FBD193A56A882E0F /* Pods.debug.xcconfig */;
			buildSettings = {
				ASSETCATALOG_COMPILER_APPICON_NAME = AppIcon;
				ASSETCATALOG_COMPILER_LAUNCHIMAGE_NAME = BrandAsset;
				CLANG_ENABLE_MODULES = YES;
				INFOPLIST_FILE = LoveFreshBeen/Info.plist;
				IPHONEOS_DEPLOYMENT_TARGET = 7.0;
				LD_RUNPATH_SEARCH_PATHS = "$(inherited) @executable_path/Frameworks";
				PRODUCT_BUNDLE_IDENTIFIER = sfbest.LoveFreshBeen;
				PRODUCT_NAME = "$(TARGET_NAME)";
				SWIFT_OBJC_BRIDGING_HEADER = "LoveFreshBeen/LoveFreshBeen-Bridging-Header.h";
				SWIFT_OPTIMIZATION_LEVEL = "-Onone";
			};
			name = Debug;
		};
		B312529D1BFC79EB0098B995 /* Release */ = {
			isa = XCBuildConfiguration;
			baseConfigurationReference = E372C8047ED1AE2C27FB8CCD /* Pods.release.xcconfig */;
			buildSettings = {
				ASSETCATALOG_COMPILER_APPICON_NAME = AppIcon;
				ASSETCATALOG_COMPILER_LAUNCHIMAGE_NAME = BrandAsset;
				CLANG_ENABLE_MODULES = YES;
				INFOPLIST_FILE = LoveFreshBeen/Info.plist;
				IPHONEOS_DEPLOYMENT_TARGET = 7.0;
				LD_RUNPATH_SEARCH_PATHS = "$(inherited) @executable_path/Frameworks";
				PRODUCT_BUNDLE_IDENTIFIER = sfbest.LoveFreshBeen;
				PRODUCT_NAME = "$(TARGET_NAME)";
				SWIFT_OBJC_BRIDGING_HEADER = "LoveFreshBeen/LoveFreshBeen-Bridging-Header.h";
			};
			name = Release;
		};
		B312529F1BFC79EB0098B995 /* Debug */ = {
			isa = XCBuildConfiguration;
			buildSettings = {
				BUNDLE_LOADER = "$(TEST_HOST)";
				INFOPLIST_FILE = LoveFreshBeenTests/Info.plist;
				LD_RUNPATH_SEARCH_PATHS = "$(inherited) @executable_path/Frameworks @loader_path/Frameworks";
				PRODUCT_BUNDLE_IDENTIFIER = sfbest.LoveFreshBeenTests;
				PRODUCT_NAME = "$(TARGET_NAME)";
				TEST_HOST = "$(BUILT_PRODUCTS_DIR)/LoveFreshBeen.app/LoveFreshBeen";
			};
			name = Debug;
		};
		B31252A01BFC79EB0098B995 /* Release */ = {
			isa = XCBuildConfiguration;
			buildSettings = {
				BUNDLE_LOADER = "$(TEST_HOST)";
				INFOPLIST_FILE = LoveFreshBeenTests/Info.plist;
				LD_RUNPATH_SEARCH_PATHS = "$(inherited) @executable_path/Frameworks @loader_path/Frameworks";
				PRODUCT_BUNDLE_IDENTIFIER = sfbest.LoveFreshBeenTests;
				PRODUCT_NAME = "$(TARGET_NAME)";
				TEST_HOST = "$(BUILT_PRODUCTS_DIR)/LoveFreshBeen.app/LoveFreshBeen";
			};
			name = Release;
		};
		B31252A21BFC79EB0098B995 /* Debug */ = {
			isa = XCBuildConfiguration;
			buildSettings = {
				INFOPLIST_FILE = LoveFreshBeenUITests/Info.plist;
				LD_RUNPATH_SEARCH_PATHS = "$(inherited) @executable_path/Frameworks @loader_path/Frameworks";
				PRODUCT_BUNDLE_IDENTIFIER = sfbest.LoveFreshBeenUITests;
				PRODUCT_NAME = "$(TARGET_NAME)";
				TEST_TARGET_NAME = LoveFreshBeen;
				USES_XCTRUNNER = YES;
			};
			name = Debug;
		};
		B31252A31BFC79EB0098B995 /* Release */ = {
			isa = XCBuildConfiguration;
			buildSettings = {
				INFOPLIST_FILE = LoveFreshBeenUITests/Info.plist;
				LD_RUNPATH_SEARCH_PATHS = "$(inherited) @executable_path/Frameworks @loader_path/Frameworks";
				PRODUCT_BUNDLE_IDENTIFIER = sfbest.LoveFreshBeenUITests;
				PRODUCT_NAME = "$(TARGET_NAME)";
				TEST_TARGET_NAME = LoveFreshBeen;
				USES_XCTRUNNER = YES;
			};
			name = Release;
		};
/* End XCBuildConfiguration section */

/* Begin XCConfigurationList section */
		B312526E1BFC79EB0098B995 /* Build configuration list for PBXProject "LoveFreshBeen" */ = {
			isa = XCConfigurationList;
			buildConfigurations = (
				B31252991BFC79EB0098B995 /* Debug */,
				B312529A1BFC79EB0098B995 /* Release */,
			);
			defaultConfigurationIsVisible = 0;
			defaultConfigurationName = Release;
		};
		B312529B1BFC79EB0098B995 /* Build configuration list for PBXNativeTarget "LoveFreshBeen" */ = {
			isa = XCConfigurationList;
			buildConfigurations = (
				B312529C1BFC79EB0098B995 /* Debug */,
				B312529D1BFC79EB0098B995 /* Release */,
			);
			defaultConfigurationIsVisible = 0;
			defaultConfigurationName = Release;
		};
		B312529E1BFC79EB0098B995 /* Build configuration list for PBXNativeTarget "LoveFreshBeenTests" */ = {
			isa = XCConfigurationList;
			buildConfigurations = (
				B312529F1BFC79EB0098B995 /* Debug */,
				B31252A01BFC79EB0098B995 /* Release */,
			);
			defaultConfigurationIsVisible = 0;
			defaultConfigurationName = Release;
		};
		B31252A11BFC79EB0098B995 /* Build configuration list for PBXNativeTarget "LoveFreshBeenUITests" */ = {
			isa = XCConfigurationList;
			buildConfigurations = (
				B31252A21BFC79EB0098B995 /* Debug */,
				B31252A31BFC79EB0098B995 /* Release */,
			);
			defaultConfigurationIsVisible = 0;
			defaultConfigurationName = Release;
		};
/* End XCConfigurationList section */
	};
	rootObject = B312526B1BFC79EB0098B995 /* Project object */;
}
